
Microsoft Visual Studio Solution File, Format Version 12.00
# Visual Studio Version 17
VisualStudioVersion = 17.5.33530.505
MinimumVisualStudioVersion = 10.0.40219.1
Project("{FAE04EC0-301F-11D3-BF4B-00C04F79EFBC}") = "Projeto04", "Projeto04\Projeto04.csproj", "{8614EE1D-024C-400A-91A0-0DF65A559260}"
EndProject
Global
	GlobalSection(SolutionConfigurationPlatforms) = preSolution
		Debug|Any CPU = Debug|Any CPU
		Release|Any CPU = Release|Any CPU
	EndGlobalSection
	GlobalSection(ProjectConfigurationPlatforms) = postSolution
		{8614EE1D-024C-400A-91A0-0DF65A559260}.Debug|Any CPU.ActiveCfg = Debug|Any CPU
		{8614EE1D-024C-400A-91A0-0DF65A559260}.Debug|Any CPU.Build.0 = Debug|Any CPU
		{8614EE1D-024C-400A-91A0-0DF65A559260}.Release|Any CPU.ActiveCfg = Release|Any CPU
		{8614EE1D-024C-400A-91A0-0DF65A559260}.Release|Any CPU.Build.0 = Release|Any CPU
	EndGlobalSection
	GlobalSection(SolutionProperties) = preSolution
		HideSolutionNode = FALSE
	EndGlobalSection
	GlobalSection(ExtensibilityGlobals) = postSolution
		SolutionGuid = {01911CE9-3611-464E-AB71-E59305BC2652}
	EndGlobalSection
EndGlobal
